
Microsoft Visual Studio Solution File, Format Version 12.00
# Visual Studio Version 16
VisualStudioVersion = 16.0.31205.134
MinimumVisualStudioVersion = 10.0.40219.1
Project("{FAE04EC0-301F-11D3-BF4B-00C04F79EFBC}") = "RS3ResourceManager", "RS3ResourceManager\RS3ResourceManager.csproj", "{918829D2-4EAE-4E1C-89B6-C6670EE08B06}"
EndProject
Global
	GlobalSection(SolutionConfigurationPlatforms) = preSolution
		Debug|Any CPU = Debug|Any CPU
		Release|Any CPU = Release|Any CPU
	EndGlobalSection
	GlobalSection(ProjectConfigurationPlatforms) = postSolution
		{918829D2-4EAE-4E1C-89B6-C6670EE08B06}.Debug|Any CPU.ActiveCfg = Debug|Any CPU
		{918829D2-4EAE-4E1C-89B6-C6670EE08B06}.Debug|Any CPU.Build.0 = Debug|Any CPU
		{918829D2-4EAE-4E1C-89B6-C6670EE08B06}.Release|Any CPU.ActiveCfg = Release|Any CPU
		{918829D2-4EAE-4E1C-89B6-C6670EE08B06}.Release|Any CPU.Build.0 = Release|Any CPU
	EndGlobalSection
	GlobalSection(SolutionProperties) = preSolution
		HideSolutionNode = FALSE
	EndGlobalSection
	GlobalSection(ExtensibilityGlobals) = postSolution
		SolutionGuid = {62879DFD-2303-4583-9170-9D7404C3DB14}
	EndGlobalSection
EndGlobal
